
Microsoft Visual Studio Solution File, Format Version 12.00
# Visual Studio Version 16
VisualStudioVersion = 16.0.29519.87
MinimumVisualStudioVersion = 10.0.40219.1
Project("{FAE04EC0-301F-11D3-BF4B-00C04F79EFBC}") = "addressbook_autoit", "addressbook_autoit\addressbook_autoit.csproj", "{FF6D12F1-2BB4-4B19-B498-46BCED5F661A}"
EndProject
Global
	GlobalSection(SolutionConfigurationPlatforms) = preSolution
		Debug|Any CPU = Debug|Any CPU
		Release|Any CPU = Release|Any CPU
	EndGlobalSection
	GlobalSection(ProjectConfigurationPlatforms) = postSolution
		{FF6D12F1-2BB4-4B19-B498-46BCED5F661A}.Debug|Any CPU.ActiveCfg = Debug|Any CPU
		{FF6D12F1-2BB4-4B19-B498-46BCED5F661A}.Debug|Any CPU.Build.0 = Debug|Any CPU
		{FF6D12F1-2BB4-4B19-B498-46BCED5F661A}.Release|Any CPU.ActiveCfg = Release|Any CPU
		{FF6D12F1-2BB4-4B19-B498-46BCED5F661A}.Release|Any CPU.Build.0 = Release|Any CPU
	EndGlobalSection
	GlobalSection(SolutionProperties) = preSolution
		HideSolutionNode = FALSE
	EndGlobalSection
	GlobalSection(ExtensibilityGlobals) = postSolution
		SolutionGuid = {E94261A9-7ADD-4E42-90F5-AB25F3908072}
	EndGlobalSection
EndGlobal
